// !$*UTF8*$!
{
	archiveVersion = 1;
	classes = {
	};
	objectVersion = 77;
	objects = {

/* Begin PBXBuildFile section */
		5516E6D32E50D81800878EAA /* OpenGL.framework in Frameworks */ = {isa = PBXBuildFile; fileRef = 5516E6D22E50D81800878EAA /* OpenGL.framework */; };
		5516E6E22E50D95300878EAA /* libGLEW.2.2.0.dylib in Frameworks */ = {isa = PBXBuildFile; fileRef = 5516E6E02E50D95300878EAA /* libGLEW.2.2.0.dylib */; };
		5516E6E32E50D95300878EAA /* libGLEW.2.2.0.dylib in Embed Libraries */ = {isa = PBXBuildFile; fileRef = 5516E6E02E50D95300878EAA /* libGLEW.2.2.0.dylib */; settings = {ATTRIBUTES = (CodeSignOnCopy, ); }; };
		5516E6E42E50D95300878EAA /* libglfw.3.4.dylib in Frameworks */ = {isa = PBXBuildFile; fileRef = 5516E6E12E50D95300878EAA /* libglfw.3.4.dylib */; };
		5516E6E52E50D95300878EAA /* libglfw.3.4.dylib in Embed Libraries */ = {isa = PBXBuildFile; fileRef = 5516E6E12E50D95300878EAA /* libglfw.3.4.dylib */; settings = {ATTRIBUTES = (CodeSignOnCopy, ); }; };
/* End PBXBuildFile section */

/* Begin PBXCopyFilesBuildPhase section */
		5516E6C52E50D45500878EAA /* CopyFiles */ = {
			isa = PBXCopyFilesBuildPhase;
			buildActionMask = 2147483647;
			dstPath = /usr/share/man/man1/;
			dstSubfolderSpec = 0;
			files = (
			);
			runOnlyForDeploymentPostprocessing = 1;
		};
		5516E6E62E50D95300878EAA /* Embed Libraries */ = {
			isa = PBXCopyFilesBuildPhase;
			buildActionMask = 2147483647;
			dstPath = "";
			dstSubfolderSpec = 10;
			files = (
				5516E6E32E50D95300878EAA /* libGLEW.2.2.0.dylib in Embed Libraries */,
				5516E6E52E50D95300878EAA /* libglfw.3.4.dylib in Embed Libraries */,
			);
			name = "Embed Libraries";
			runOnlyForDeploymentPostprocessing = 0;
		};
/* End PBXCopyFilesBuildPhase section */

/* Begin PBXFileReference section */
		5516E6C72E50D45500878EAA /* VertexAnimation */ = {isa = PBXFileReference; explicitFileType = "compiled.mach-o.executable"; includeInIndex = 0; path = VertexAnimation; sourceTree = BUILT_PRODUCTS_DIR; };
		5516E6D22E50D81800878EAA /* OpenGL.framework */ = {isa = PBXFileReference; lastKnownFileType = wrapper.framework; name = OpenGL.framework; path = System/Library/Frameworks/OpenGL.framework; sourceTree = SDKROOT; };
		5516E6D42E50D81C00878EAA /* Cocoa.framework */ = {isa = PBXFileReference; lastKnownFileType = wrapper.framework; name = Cocoa.framework; path = System/Library/Frameworks/Cocoa.framework; sourceTree = SDKROOT; };
		5516E6E02E50D95300878EAA /* libGLEW.2.2.0.dylib */ = {isa = PBXFileReference; lastKnownFileType = "compiled.mach-o.dylib"; name = libGLEW.2.2.0.dylib; path = ../../../YGL/library/libGLEW.2.2.0.dylib; sourceTree = "<group>"; };
		5516E6E12E50D95300878EAA /* libglfw.3.4.dylib */ = {isa = PBXFileReference; lastKnownFileType = "compiled.mach-o.dylib"; name = libglfw.3.4.dylib; path = ../../../YGL/library/libglfw.3.4.dylib; sourceTree = "<group>"; };
		5516E7522E51901600878EAA /* HorseGallop.yao */ = {isa = PBXFileReference; lastKnownFileType = text; path = HorseGallop.yao; sourceTree = "<group>"; };
/* End PBXFileReference section */

/* Begin PBXFileSystemSynchronizedRootGroup section */
		5516E6C92E50D45500878EAA /* VertexAnimation */ = {
			isa = PBXFileSystemSynchronizedRootGroup;
			path = VertexAnimation;
			sourceTree = "<group>";
		};
		5516E74C2E50D9EF00878EAA /* horse-gallop */ = {
			isa = PBXFileSystemSynchronizedRootGroup;
			path = "horse-gallop";
			sourceTree = "<group>";
		};
/* End PBXFileSystemSynchronizedRootGroup section */

/* Begin PBXFrameworksBuildPhase section */
		5516E6C42E50D45500878EAA /* Frameworks */ = {
			isa = PBXFrameworksBuildPhase;
			buildActionMask = 2147483647;
			files = (
				5516E6E42E50D95300878EAA /* libglfw.3.4.dylib in Frameworks */,
				5516E6D32E50D81800878EAA /* OpenGL.framework in Frameworks */,
				5516E6E22E50D95300878EAA /* libGLEW.2.2.0.dylib in Frameworks */,
			);
			runOnlyForDeploymentPostprocessing = 0;
		};
/* End PBXFrameworksBuildPhase section */

/* Begin PBXGroup section */
		5516E6BE2E50D45500878EAA = {
			isa = PBXGroup;
			children = (
				5516E7522E51901600878EAA /* HorseGallop.yao */,
				5516E74C2E50D9EF00878EAA /* horse-gallop */,
				5516E6C92E50D45500878EAA /* VertexAnimation */,
				5516E6D12E50D81800878EAA /* Frameworks */,
				5516E6C82E50D45500878EAA /* Products */,
			);
			sourceTree = "<group>";
		};
		5516E6C82E50D45500878EAA /* Products */ = {
			isa = PBXGroup;
			children = (
				5516E6C72E50D45500878EAA /* VertexAnimation */,
			);
			name = Products;
			sourceTree = "<group>";
		};
		5516E6D12E50D81800878EAA /* Frameworks */ = {
			isa = PBXGroup;
			children = (
				5516E6E02E50D95300878EAA /* libGLEW.2.2.0.dylib */,
				5516E6E12E50D95300878EAA /* libglfw.3.4.dylib */,
				5516E6D42E50D81C00878EAA /* Cocoa.framework */,
				5516E6D22E50D81800878EAA /* OpenGL.framework */,
			);
			name = Frameworks;
			sourceTree = "<group>";
		};
/* End PBXGroup section */

/* Begin PBXNativeTarget section */
		5516E6C62E50D45500878EAA /* VertexAnimation */ = {
			isa = PBXNativeTarget;
			buildConfigurationList = 5516E6CE2E50D45500878EAA /* Build configuration list for PBXNativeTarget "VertexAnimation" */;
			buildPhases = (
				5516E6C32E50D45500878EAA /* Sources */,
				5516E6C42E50D45500878EAA /* Frameworks */,
				5516E6C52E50D45500878EAA /* CopyFiles */,
				5516E6E62E50D95300878EAA /* Embed Libraries */,
			);
			buildRules = (
			);
			dependencies = (
			);
			fileSystemSynchronizedGroups = (
				5516E6C92E50D45500878EAA /* VertexAnimation */,
				5516E74C2E50D9EF00878EAA /* horse-gallop */,
			);
			name = VertexAnimation;
			packageProductDependencies = (
			);
			productName = VertexAnimation;
			productReference = 5516E6C72E50D45500878EAA /* VertexAnimation */;
			productType = "com.apple.product-type.tool";
		};
/* End PBXNativeTarget section */

/* Begin PBXProject section */
		5516E6BF2E50D45500878EAA /* Project object */ = {
			isa = PBXProject;
			attributes = {
				BuildIndependentTargetsInParallel = 1;
				LastUpgradeCheck = 1640;
				TargetAttributes = {
					5516E6C62E50D45500878EAA = {
						CreatedOnToolsVersion = 16.4;
					};
				};
			};
			buildConfigurationList = 5516E6C22E50D45500878EAA /* Build configuration list for PBXProject "VertexAnimation" */;
			developmentRegion = en;
			hasScannedForEncodings = 0;
			knownRegions = (
				en,
				Base,
			);
			mainGroup = 5516E6BE2E50D45500878EAA;
			minimizedProjectReferenceProxies = 1;
			preferredProjectObjectVersion = 77;
			productRefGroup = 5516E6C82E50D45500878EAA /* Products */;
			projectDirPath = "";
			projectRoot = "";
			targets = (
				5516E6C62E50D45500878EAA /* VertexAnimation */,
			);
		};
/* End PBXProject section */

/* Begin PBXSourcesBuildPhase section */
		5516E6C32E50D45500878EAA /* Sources */ = {
			isa = PBXSourcesBuildPhase;
			buildActionMask = 2147483647;
			files = (
			);
			runOnlyForDeploymentPostprocessing = 0;
		};
/* End PBXSourcesBuildPhase section */

/* Begin XCBuildConfiguration section */
		5516E6CC2E50D45500878EAA /* Debug */ = {
			isa = XCBuildConfiguration;
			buildSettings = {
				ALWAYS_SEARCH_USER_PATHS = NO;
				ASSETCATALOG_COMPILER_GENERATE_SWIFT_ASSET_SYMBOL_EXTENSIONS = YES;
				CLANG_ANALYZER_NONNULL = YES;
				CLANG_ANALYZER_NUMBER_OBJECT_CONVERSION = YES_AGGRESSIVE;
				CLANG_CXX_LANGUAGE_STANDARD = "gnu++20";
				CLANG_ENABLE_MODULES = YES;
				CLANG_ENABLE_OBJC_ARC = YES;
				CLANG_ENABLE_OBJC_WEAK = YES;
				CLANG_WARN_BLOCK_CAPTURE_AUTORELEASING = YES;
				CLANG_WARN_BOOL_CONVERSION = YES;
				CLANG_WARN_COMMA = YES;
				CLANG_WARN_CONSTANT_CONVERSION = YES;
				CLANG_WARN_DEPRECATED_OBJC_IMPLEMENTATIONS = YES;
				CLANG_WARN_DIRECT_OBJC_ISA_USAGE = YES_ERROR;
				CLANG_WARN_DOCUMENTATION_COMMENTS = YES;
				CLANG_WARN_EMPTY_BODY = YES;
				CLANG_WARN_ENUM_CONVERSION = YES;
				CLANG_WARN_INFINITE_RECURSION = YES;
				CLANG_WARN_INT_CONVERSION = YES;
				CLANG_WARN_NON_LITERAL_NULL_CONVERSION = YES;
				CLANG_WARN_OBJC_IMPLICIT_RETAIN_SELF = YES;
				CLANG_WARN_OBJC_LITERAL_CONVERSION = YES;
				CLANG_WARN_OBJC_ROOT_CLASS = YES_ERROR;
				CLANG_WARN_QUOTED_INCLUDE_IN_FRAMEWORK_HEADER = YES;
				CLANG_WARN_RANGE_LOOP_ANALYSIS = YES;
				CLANG_WARN_STRICT_PROTOTYPES = YES;
				CLANG_WARN_SUSPICIOUS_MOVE = YES;
				CLANG_WARN_UNGUARDED_AVAILABILITY = YES_AGGRESSIVE;
				CLANG_WARN_UNREACHABLE_CODE = YES;
				CLANG_WARN__DUPLICATE_METHOD_MATCH = YES;
				COPY_PHASE_STRIP = NO;
				DEBUG_INFORMATION_FORMAT = dwarf;
				DEVELOPMENT_TEAM = 488U7L9D53;
				ENABLE_STRICT_OBJC_MSGSEND = YES;
				ENABLE_TESTABILITY = YES;
				ENABLE_USER_SCRIPT_SANDBOXING = YES;
				GCC_C_LANGUAGE_STANDARD = gnu17;
				GCC_DYNAMIC_NO_PIC = NO;
				GCC_NO_COMMON_BLOCKS = YES;
				GCC_OPTIMIZATION_LEVEL = 0;
				GCC_PREPROCESSOR_DEFINITIONS = (
					"DEBUG=1",
					"$(inherited)",
				);
				GCC_WARN_64_TO_32_BIT_CONVERSION = YES;
				GCC_WARN_ABOUT_RETURN_TYPE = YES_ERROR;
				GCC_WARN_UNDECLARED_SELECTOR = YES;
				GCC_WARN_UNINITIALIZED_AUTOS = YES_AGGRESSIVE;
				GCC_WARN_UNUSED_FUNCTION = YES;
				GCC_WARN_UNUSED_VARIABLE = YES;
				LOCALIZATION_PREFERS_STRING_CATALOGS = YES;
				MACOSX_DEPLOYMENT_TARGET = 15.5;
				MTL_ENABLE_DEBUG_INFO = INCLUDE_SOURCE;
				MTL_FAST_MATH = YES;
				ONLY_ACTIVE_ARCH = YES;
				SDKROOT = macosx;
			};
			name = Debug;
		};
		5516E6CD2E50D45500878EAA /* Release */ = {
			isa = XCBuildConfiguration;
			buildSettings = {
				ALWAYS_SEARCH_USER_PATHS = NO;
				ASSETCATALOG_COMPILER_GENERATE_SWIFT_ASSET_SYMBOL_EXTENSIONS = YES;
				CLANG_ANALYZER_NONNULL = YES;
				CLANG_ANALYZER_NUMBER_OBJECT_CONVERSION = YES_AGGRESSIVE;
				CLANG_CXX_LANGUAGE_STANDARD = "gnu++20";
				CLANG_ENABLE_MODULES = YES;
				CLANG_ENABLE_OBJC_ARC = YES;
				CLANG_ENABLE_OBJC_WEAK = YES;
				CLANG_WARN_BLOCK_CAPTURE_AUTORELEASING = YES;
				CLANG_WARN_BOOL_CONVERSION = YES;
				CLANG_WARN_COMMA = YES;
				CLANG_WARN_CONSTANT_CONVERSION = YES;
				CLANG_WARN_DEPRECATED_OBJC_IMPLEMENTATIONS = YES;
				CLANG_WARN_DIRECT_OBJC_ISA_USAGE = YES_ERROR;
				CLANG_WARN_DOCUMENTATION_COMMENTS = YES;
				CLANG_WARN_EMPTY_BODY = YES;
				CLANG_WARN_ENUM_CONVERSION = YES;
				CLANG_WARN_INFINITE_RECURSION = YES;
				CLANG_WARN_INT_CONVERSION = YES;
				CLANG_WARN_NON_LITERAL_NULL_CONVERSION = YES;
				CLANG_WARN_OBJC_IMPLICIT_RETAIN_SELF = YES;
				CLANG_WARN_OBJC_LITERAL_CONVERSION = YES;
				CLANG_WARN_OBJC_ROOT_CLASS = YES_ERROR;
				CLANG_WARN_QUOTED_INCLUDE_IN_FRAMEWORK_HEADER = YES;
				CLANG_WARN_RANGE_LOOP_ANALYSIS = YES;
				CLANG_WARN_STRICT_PROTOTYPES = YES;
				CLANG_WARN_SUSPICIOUS_MOVE = YES;
				CLANG_WARN_UNGUARDED_AVAILABILITY = YES_AGGRESSIVE;
				CLANG_WARN_UNREACHABLE_CODE = YES;
				CLANG_WARN__DUPLICATE_METHOD_MATCH = YES;
				COPY_PHASE_STRIP = NO;
				DEBUG_INFORMATION_FORMAT = "dwarf-with-dsym";
				DEVELOPMENT_TEAM = 488U7L9D53;
				ENABLE_NS_ASSERTIONS = NO;
				ENABLE_STRICT_OBJC_MSGSEND = YES;
				ENABLE_USER_SCRIPT_SANDBOXING = YES;
				GCC_C_LANGUAGE_STANDARD = gnu17;
				GCC_NO_COMMON_BLOCKS = YES;
				GCC_WARN_64_TO_32_BIT_CONVERSION = YES;
				GCC_WARN_ABOUT_RETURN_TYPE = YES_ERROR;
				GCC_WARN_UNDECLARED_SELECTOR = YES;
				GCC_WARN_UNINITIALIZED_AUTOS = YES_AGGRESSIVE;
				GCC_WARN_UNUSED_FUNCTION = YES;
				GCC_WARN_UNUSED_VARIABLE = YES;
				LOCALIZATION_PREFERS_STRING_CATALOGS = YES;
				MACOSX_DEPLOYMENT_TARGET = 15.5;
				MTL_ENABLE_DEBUG_INFO = NO;
				MTL_FAST_MATH = YES;
				SDKROOT = macosx;
			};
			name = Release;
		};
		5516E6CF2E50D45500878EAA /* Debug */ = {
			isa = XCBuildConfiguration;
			buildSettings = {
				CODE_SIGN_STYLE = Automatic;
				DEVELOPMENT_TEAM = 488U7L9D53;
				ENABLE_HARDENED_RUNTIME = YES;
				HEADER_SEARCH_PATHS = /Users/gyu/Desktop/YGL/include;
				LIBRARY_SEARCH_PATHS = /Users/gyu/Desktop/YGL/library;
				PRODUCT_NAME = "$(TARGET_NAME)";
			};
			name = Debug;
		};
		5516E6D02E50D45500878EAA /* Release */ = {
			isa = XCBuildConfiguration;
			buildSettings = {
				CODE_SIGN_STYLE = Automatic;
				DEVELOPMENT_TEAM = 488U7L9D53;
				ENABLE_HARDENED_RUNTIME = YES;
				HEADER_SEARCH_PATHS = /Users/gyu/Desktop/YGL/include;
				LIBRARY_SEARCH_PATHS = /Users/gyu/Desktop/YGL/library;
				PRODUCT_NAME = "$(TARGET_NAME)";
			};
			name = Release;
		};
/* End XCBuildConfiguration section */

/* Begin XCConfigurationList section */
		5516E6C22E50D45500878EAA /* Build configuration list for PBXProject "VertexAnimation" */ = {
			isa = XCConfigurationList;
			buildConfigurations = (
				5516E6CC2E50D45500878EAA /* Debug */,
				5516E6CD2E50D45500878EAA /* Release */,
			);
			defaultConfigurationIsVisible = 0;
			defaultConfigurationName = Release;
		};
		5516E6CE2E50D45500878EAA /* Build configuration list for PBXNativeTarget "VertexAnimation" */ = {
			isa = XCConfigurationList;
			buildConfigurations = (
				5516E6CF2E50D45500878EAA /* Debug */,
				5516E6D02E50D45500878EAA /* Release */,
			);
			defaultConfigurationIsVisible = 0;
			defaultConfigurationName = Release;
		};
/* End XCConfigurationList section */
	};
	rootObject = 5516E6BF2E50D45500878EAA /* Project object */;
}
